// !$*UTF8*$!
{
	archiveVersion = 1;
	classes = {
	};
	objectVersion = 46;
	objects = {

/* Begin PBXBuildFile section */
		50B289D71E5D30E3008CC847 /* main.m in Sources */ = {isa = PBXBuildFile; fileRef = 50B289D61E5D30E3008CC847 /* main.m */; };
		50B289DA1E5D30E3008CC847 /* AppDelegate.m in Sources */ = {isa = PBXBuildFile; fileRef = 50B289D91E5D30E3008CC847 /* AppDelegate.m */; };
		50B289DD1E5D30E3008CC847 /* ViewController.m in Sources */ = {isa = PBXBuildFile; fileRef = 50B289DC1E5D30E3008CC847 /* ViewController.m */; };
		50B289E01E5D30E3008CC847 /* Main.storyboard in Resources */ = {isa = PBXBuildFile; fileRef = 50B289DE1E5D30E3008CC847 /* Main.storyboard */; };
		50B289E21E5D30E3008CC847 /* Assets.xcassets in Resources */ = {isa = PBXBuildFile; fileRef = 50B289E11E5D30E3008CC847 /* Assets.xcassets */; };
		50B289E51E5D30E3008CC847 /* LaunchScreen.storyboard in Resources */ = {isa = PBXBuildFile; fileRef = 50B289E31E5D30E3008CC847 /* LaunchScreen.storyboard */; };
/* End PBXBuildFile section */

/* Begin PBXFileReference section */
		50B289D21E5D30E3008CC847 /* line.app */ = {isa = PBXFileReference; explicitFileType = wrapper.application; includeInIndex = 0; path = line.app; sourceTree = BUILT_PRODUCTS_DIR; };
		50B289D61E5D30E3008CC847 /* main.m */ = {isa = PBXFileReference; lastKnownFileType = sourcecode.c.objc; path = main.m; sourceTree = "<group>"; };
		50B289D81E5D30E3008CC847 /* AppDelegate.h */ = {isa = PBXFileReference; lastKnownFileType = sourcecode.c.h; path = AppDelegate.h; sourceTree = "<group>"; };
		50B289D91E5D30E3008CC847 /* AppDelegate.m */ = {isa = PBXFileReference; lastKnownFileType = sourcecode.c.objc; path = AppDelegate.m; sourceTree = "<group>"; };
		50B289DB1E5D30E3008CC847 /* ViewController.h */ = {isa = PBXFileReference; lastKnownFileType = sourcecode.c.h; path = ViewController.h; sourceTree = "<group>"; };
		50B289DC1E5D30E3008CC847 /* ViewController.m */ = {isa = PBXFileReference; lastKnownFileType = sourcecode.c.objc; path = ViewController.m; sourceTree = "<group>"; };
		50B289DF1E5D30E3008CC847 /* Base */ = {isa = PBXFileReference; lastKnownFileType = file.storyboard; name = Base; path = Base.lproj/Main.storyboard; sourceTree = "<group>"; };
		50B289E11E5D30E3008CC847 /* Assets.xcassets */ = {isa = PBXFileReference; lastKnownFileType = folder.assetcatalog; path = Assets.xcassets; sourceTree = "<group>"; };
		50B289E41E5D30E3008CC847 /* Base */ = {isa = PBXFileReference; lastKnownFileType = file.storyboard; name = Base; path = Base.lproj/LaunchScreen.storyboard; sourceTree = "<group>"; };
		50B289E61E5D30E3008CC847 /* Info.plist */ = {isa = PBXFileReference; lastKnownFileType = text.plist.xml; path = Info.plist; sourceTree = "<group>"; };
/* End PBXFileReference section */

/* Begin PBXFrameworksBuildPhase section */
		50B289CF1E5D30E3008CC847 /* Frameworks */ = {
			isa = PBXFrameworksBuildPhase;
			buildActionMask = 2147483647;
			files = (
			);
			runOnlyForDeploymentPostprocessing = 0;
		};
/* End PBXFrameworksBuildPhase section */

/* Begin PBXGroup section */
		50B289C91E5D30E3008CC847 = {
			isa = PBXGroup;
			children = (
				50B289D41E5D30E3008CC847 /* line */,
				50B289D31E5D30E3008CC847 /* Products */,
			);
			sourceTree = "<group>";
		};
		50B289D31E5D30E3008CC847 /* Products */ = {
			isa = PBXGroup;
			children = (
				50B289D21E5D30E3008CC847 /* line.app */,
			);
			name = Products;
			sourceTree = "<group>";
		};
		50B289D41E5D30E3008CC847 /* line */ = {
			isa = PBXGroup;
			children = (
				50B289D81E5D30E3008CC847 /* AppDelegate.h */,
				50B289D91E5D30E3008CC847 /* AppDelegate.m */,
				50B289DB1E5D30E3008CC847 /* ViewController.h */,
				50B289DC1E5D30E3008CC847 /* ViewController.m */,
				50B289DE1E5D30E3008CC847 /* Main.storyboard */,
				50B289E11E5D30E3008CC847 /* Assets.xcassets */,
				50B289E31E5D30E3008CC847 /* LaunchScreen.storyboard */,
				50B289E61E5D30E3008CC847 /* Info.plist */,
				50B289D51E5D30E3008CC847 /* Supporting Files */,
			);
			path = line;
			sourceTree = "<group>";
		};
		50B289D51E5D30E3008CC847 /* Supporting Files */ = {
			isa = PBXGroup;
			children = (
				50B289D61E5D30E3008CC847 /* main.m */,
			);
			name = "Supporting Files";
			sourceTree = "<group>";
		};
/* End PBXGroup section */

/* Begin PBXNativeTarget section */
		50B289D11E5D30E3008CC847 /* line */ = {
			isa = PBXNativeTarget;
			buildConfigurationList = 50B289E91E5D30E3008CC847 /* Build configuration list for PBXNativeTarget "line" */;
			buildPhases = (
				50B289CE1E5D30E3008CC847 /* Sources */,
				50B289CF1E5D30E3008CC847 /* Frameworks */,
				50B289D01E5D30E3008CC847 /* Resources */,
			);
			buildRules = (
			);
			dependencies = (
			);
			name = line;
			productName = line;
			productReference = 50B289D21E5D30E3008CC847 /* line.app */;
			productType = "com.apple.product-type.application";
		};
/* End PBXNativeTarget section */

/* Begin PBXProject section */
		50B289CA1E5D30E3008CC847 /* Project object */ = {
			isa = PBXProject;
			attributes = {
				LastUpgradeCheck = 0820;
				ORGANIZATIONNAME = xiaomaolv;
				TargetAttributes = {
					50B289D11E5D30E3008CC847 = {
						CreatedOnToolsVersion = 8.2.1;
						DevelopmentTeam = UR6DHD94KW;
						ProvisioningStyle = Automatic;
					};
				};
			};
			buildConfigurationList = 50B289CD1E5D30E3008CC847 /* Build configuration list for PBXProject "line" */;
			compatibilityVersion = "Xcode 3.2";
			developmentRegion = English;
			hasScannedForEncodings = 0;
			knownRegions = (
				en,
				Base,
			);
			mainGroup = 50B289C91E5D30E3008CC847;
			productRefGroup = 50B289D31E5D30E3008CC847 /* Products */;
			projectDirPath = "";
			projectRoot = "";
			targets = (
				50B289D11E5D30E3008CC847 /* line */,
			);
		};
/* End PBXProject section */

/* Begin PBXResourcesBuildPhase section */
		50B289D01E5D30E3008CC847 /* Resources */ = {
			isa = PBXResourcesBuildPhase;
			buildActionMask = 2147483647;
			files = (
				50B289E51E5D30E3008CC847 /* LaunchScreen.storyboard in Resources */,
				50B289E21E5D30E3008CC847 /* Assets.xcassets in Resources */,
				50B289E01E5D30E3008CC847 /* Main.storyboard in Resources */,
			);
			runOnlyForDeploymentPostprocessing = 0;
		};
/* End PBXResourcesBuildPhase section */

/* Begin PBXSourcesBuildPhase section */
		50B289CE1E5D30E3008CC847 /* Sources */ = {
			isa = PBXSourcesBuildPhase;
			buildActionMask = 2147483647;
			files = (
				50B289DD1E5D30E3008CC847 /* ViewController.m in Sources */,
				50B289DA1E5D30E3008CC847 /* AppDelegate.m in Sources */,
				50B289D71E5D30E3008CC847 /* main.m in Sources */,
			);
			runOnlyForDeploymentPostprocessing = 0;
		};
/* End PBXSourcesBuildPhase section */

/* Begin PBXVariantGroup section */
		50B289DE1E5D30E3008CC847 /* Main.storyboard */ = {
			isa = PBXVariantGroup;
			children = (
				50B289DF1E5D30E3008CC847 /* Base */,
			);
			name = Main.storyboard;
			sourceTree = "<group>";
		};
		50B289E31E5D30E3008CC847 /* LaunchScreen.storyboard */ = {
			isa = PBXVariantGroup;
			children = (
				50B289E41E5D30E3008CC847 /* Base */,
			);
			name = LaunchScreen.storyboard;
			sourceTree = "<group>";
		};
/* End PBXVariantGroup section */

/* Begin XCBuildConfiguration section */
		50B289E71E5D30E3008CC847 /* Debug */ = {
			isa = XCBuildConfiguration;
			buildSettings = {
				ALWAYS_SEARCH_USER_PATHS = NO;
				CLANG_ANALYZER_NONNULL = YES;
				CLANG_CXX_LANGUAGE_STANDARD = "gnu++0x";
				CLANG_CXX_LIBRARY = "libc++";
				CLANG_ENABLE_MODULES = YES;
				CLANG_ENABLE_OBJC_ARC = YES;
				CLANG_WARN_BOOL_CONVERSION = YES;
				CLANG_WARN_CONSTANT_CONVERSION = YES;
				CLANG_WARN_DIRECT_OBJC_ISA_USAGE = YES_ERROR;
				CLANG_WARN_DOCUMENTATION_COMMENTS = YES;
				CLANG_WARN_EMPTY_BODY = YES;
				CLANG_WARN_ENUM_CONVERSION = YES;
				CLANG_WARN_INFINITE_RECURSION = YES;
				CLANG_WARN_INT_CONVERSION = YES;
				CLANG_WARN_OBJC_ROOT_CLASS = YES_ERROR;
				CLANG_WARN_SUSPICIOUS_MOVE = YES;
				CLANG_WARN_UNREACHABLE_CODE = YES;
				CLANG_WARN__DUPLICATE_METHOD_MATCH = YES;
				"CODE_SIGN_IDENTITY[sdk=iphoneos*]" = "iPhone Developer";
				COPY_PHASE_STRIP = NO;
				DEBUG_INFORMATION_FORMAT = dwarf;
				ENABLE_STRICT_OBJC_MSGSEND = YES;
				ENABLE_TESTABILITY = YES;
				GCC_C_LANGUAGE_STANDARD = gnu99;
				GCC_DYNAMIC_NO_PIC = NO;
				GCC_NO_COMMON_BLOCKS = YES;
				GCC_OPTIMIZATION_LEVEL = 0;
				GCC_PREPROCESSOR_DEFINITIONS = (
					"DEBUG=1",
					"$(inherited)",
				);
				GCC_WARN_64_TO_32_BIT_CONVERSION = YES;
				GCC_WARN_ABOUT_RETURN_TYPE = YES_ERROR;
				GCC_WARN_UNDECLARED_SELECTOR = YES;
				GCC_WARN_UNINITIALIZED_AUTOS = YES_AGGRESSIVE;
				GCC_WARN_UNUSED_FUNCTION = YES;
				GCC_WARN_UNUSED_VARIABLE = YES;
				IPHONEOS_DEPLOYMENT_TARGET = 10.2;
				MTL_ENABLE_DEBUG_INFO = YES;
				ONLY_ACTIVE_ARCH = YES;
				SDKROOT = iphoneos;
			};
			name = Debug;
		};
		50B289E81E5D30E3008CC847 /* Release */ = {
			isa = XCBuildConfiguration;
			buildSettings = {
				ALWAYS_SEARCH_USER_PATHS = NO;
				CLANG_ANALYZER_NONNULL = YES;
				CLANG_CXX_LANGUAGE_STANDARD = "gnu++0x";
				CLANG_CXX_LIBRARY = "libc++";
				CLANG_ENABLE_MODULES = YES;
				CLANG_ENABLE_OBJC_ARC = YES;
				CLANG_WARN_BOOL_CONVERSION = YES;
				CLANG_WARN_CONSTANT_CONVERSION = YES;
				CLANG_WARN_DIRECT_OBJC_ISA_USAGE = YES_ERROR;
				CLANG_WARN_DOCUMENTATION_COMMENTS = YES;
				CLANG_WARN_EMPTY_BODY = YES;
				CLANG_WARN_ENUM_CONVERSION = YES;
				CLANG_WARN_INFINITE_RECURSION = YES;
				CLANG_WARN_INT_CONVERSION = YES;
				CLANG_WARN_OBJC_ROOT_CLASS = YES_ERROR;
				CLANG_WARN_SUSPICIOUS_MOVE = YES;
				CLANG_WARN_UNREACHABLE_CODE = YES;
				CLANG_WARN__DUPLICATE_METHOD_MATCH = YES;
				"CODE_SIGN_IDENTITY[sdk=iphoneos*]" = "iPhone Developer";
				COPY_PHASE_STRIP = NO;
				DEBUG_INFORMATION_FORMAT = "dwarf-with-dsym";
				ENABLE_NS_ASSERTIONS = NO;
				ENABLE_STRICT_OBJC_MSGSEND = YES;
				GCC_C_LANGUAGE_STANDARD = gnu99;
				GCC_NO_COMMON_BLOCKS = YES;
				GCC_WARN_64_TO_32_BIT_CONVERSION = YES;
				GCC_WARN_ABOUT_RETURN_TYPE = YES_ERROR;
				GCC_WARN_UNDECLARED_SELECTOR = YES;
				GCC_WARN_UNINITIALIZED_AUTOS = YES_AGGRESSIVE;
				GCC_WARN_UNUSED_FUNCTION = YES;
				GCC_WARN_UNUSED_VARIABLE = YES;
				IPHONEOS_DEPLOYMENT_TARGET = 10.2;
				MTL_ENABLE_DEBUG_INFO = NO;
				SDKROOT = iphoneos;
				VALIDATE_PRODUCT = YES;
			};
			name = Release;
		};
		50B289EA1E5D30E3008CC847 /* Debug */ = {
			isa = XCBuildConfiguration;
			buildSettings = {
				ASSETCATALOG_COMPILER_APPICON_NAME = AppIcon;
				DEVELOPMENT_TEAM = UR6DHD94KW;
				INFOPLIST_FILE = line/Info.plist;
				LD_RUNPATH_SEARCH_PATHS = "$(inherited) @executable_path/Frameworks";
				PRODUCT_BUNDLE_IDENTIFIER = com.xiaomaolv.line;
				PRODUCT_NAME = "$(TARGET_NAME)";
			};
			name = Debug;
		};
		50B289EB1E5D30E3008CC847 /* Release */ = {
			isa = XCBuildConfiguration;
			buildSettings = {
				ASSETCATALOG_COMPILER_APPICON_NAME = AppIcon;
				DEVELOPMENT_TEAM = UR6DHD94KW;
				INFOPLIST_FILE = line/Info.plist;
				LD_RUNPATH_SEARCH_PATHS = "$(inherited) @executable_path/Frameworks";
				PRODUCT_BUNDLE_IDENTIFIER = com.xiaomaolv.line;
				PRODUCT_NAME = "$(TARGET_NAME)";
			};
			name = Release;
		};
/* End XCBuildConfiguration section */

/* Begin XCConfigurationList section */
		50B289CD1E5D30E3008CC847 /* Build configuration list for PBXProject "line" */ = {
			isa = XCConfigurationList;
			buildConfigurations = (
				50B289E71E5D30E3008CC847 /* Debug */,
				50B289E81E5D30E3008CC847 /* Release */,
			);
			defaultConfigurationIsVisible = 0;
			defaultConfigurationName = Release;
		};
		50B289E91E5D30E3008CC847 /* Build configuration list for PBXNativeTarget "line" */ = {
			isa = XCConfigurationList;
			buildConfigurations = (
				50B289EA1E5D30E3008CC847 /* Debug */,
				50B289EB1E5D30E3008CC847 /* Release */,
			);
			defaultConfigurationIsVisible = 0;
		};
/* End XCConfigurationList section */
	};
	rootObject = 50B289CA1E5D30E3008CC847 /* Project object */;
}
